lockfileVersion: 5.3

specifiers:
  '@types/etag': ^1.8.0
  '@types/minimist': ^1.2.1
  '@types/node': ^15.12.2
  etag: ^1.8.1
  hosted-git-info: 4.0.2
  minimist: ^1.2.5
  prettier: ^2.3.1
  reflect-metadata: ^0.1.13
  tsconfig-paths: ^3.9.0
  typescript: ^4.3.2
  webdav-server: ^2.6.2

dependencies:
  etag: 1.8.1
  minimist: 1.2.5
  webdav-server: 2.6.2

devDependencies:
  '@types/etag': 1.8.0
  '@types/minimist': 1.2.1
  '@types/node': 15.12.2
  hosted-git-info: 4.0.2
  prettier: 2.3.1
  reflect-metadata: 0.1.13
  tsconfig-paths: 3.9.0
  typescript: 4.3.2

packages:

  /@types/etag/1.8.0:
    resolution: {integrity: sha512-EdSN0x+Y0/lBv7YAb8IU4Jgm6DWM+Bqtz7o5qozl96fzaqdqbdfHS5qjdpFeIv7xQ8jSLyjMMNShgYtMajEHyQ==}
    dependencies:
      '@types/node': 15.12.2
    dev: true

  /@types/json5/0.0.29:
    resolution: {integrity: sha1-7ihweulOEdK4J7y+UnC86n8+ce4=}
    dev: true

  /@types/minimist/1.2.1:
    resolution: {integrity: sha512-fZQQafSREFyuZcdWFAExYjBiCL7AUCdgsk80iO0q4yihYYdcIiH28CcuPTGFgLOCC8RlW49GSQxdHwZP+I7CNg==}
    dev: true

  /@types/node/15.12.2:
    resolution: {integrity: sha512-zjQ69G564OCIWIOHSXyQEEDpdpGl+G348RAKY0XXy9Z5kU9Vzv1GMNnkar/ZJ8dzXB3COzD9Mo9NtRZ4xfgUww==}
    dev: true

  /etag/1.8.1:
    resolution: {integrity: sha1-Qa4u62XvpiJorr/qg6x9eSmbCIc=}
    engines: {node: '>= 0.6'}
    dev: false

  /hosted-git-info/4.0.2:
    resolution: {integrity: sha512-c9OGXbZ3guC/xOlCg1Ci/VgWlwsqDv1yMQL1CWqXDL0hDjXuNcq0zuR4xqPSuasI3kqFDhqSyTjREz5gzq0fXg==}
    engines: {node: '>=10'}
    dependencies:
      lru-cache: 6.0.0
    dev: true

  /json5/1.0.1:
    resolution: {integrity: sha512-aKS4WQjPenRxiQsC93MNfjx+nbF4PAdYzmd/1JIj8HYzqfbu86beTuNgXDzPknWk0n0uARlyewZo4s++ES36Ow==}
    hasBin: true
    dependencies:
      minimist: 1.2.5
    dev: true

  /lru-cache/6.0.0:
    resolution: {integrity: sha512-Jo6dJ04CmSjuznwJSS3pUeWmd/H0ffTlkXXgwZi+eq1UCmqQwCh+eLsYOYCwY991i2Fah4h1BEMCx4qThGbsiA==}
    engines: {node: '>=10'}
    dependencies:
      yallist: 4.0.0
    dev: true

  /mime-db/1.48.0:
    resolution: {integrity: sha512-FM3QwxV+TnZYQ2aRqhlKBMHxk10lTbMt3bBkMAp54ddrNeVSfcQYOOKuGuy3Ddrm38I04If834fOUSq1yzslJQ==}
    engines: {node: '>= 0.6'}
    dev: false

  /mime-types/2.1.31:
    resolution: {integrity: sha512-XGZnNzm3QvgKxa8dpzyhFTHmpP3l5YNusmne07VUOXxou9CqUqYa/HBy124RqtVh/O2pECas/MOcsDgpilPOPg==}
    engines: {node: '>= 0.6'}
    dependencies:
      mime-db: 1.48.0
    dev: false

  /minimist/1.2.5:
    resolution: {integrity: sha512-FM9nNUYrRBAELZQT3xeZQ7fmMOBg6nWNmJKTcgsJeaLstP/UODVpGsr5OhXhhXg6f+qtJ8uiZ+PUxkDWcgIXLw==}

  /prettier/2.3.1:
    resolution: {integrity: sha512-p+vNbgpLjif/+D+DwAZAbndtRrR0md0MwfmOVN9N+2RgyACMT+7tfaRnT+WDPkqnuVwleyuBIG2XBxKDme3hPA==}
    engines: {node: '>=10.13.0'}
    hasBin: true
    dev: true

  /reflect-metadata/0.1.13:
    resolution: {integrity: sha512-Ts1Y/anZELhSsjMcU605fU9RE4Oi3p5ORujwbIKXfWa+0Zxs510Qrmrce5/Jowq3cHSZSJqBjypxmHarc+vEWg==}
    dev: true

  /sax/1.2.4:
    resolution: {integrity: sha512-NqVDv9TpANUjFm0N8uM5GxL36UgKi9/atZw+x7YFnQ8ckwFGKrl4xX4yWtrey3UJm5nP1kUbnYgLopqWNSRhWw==}
    dev: false

  /strip-bom/3.0.0:
    resolution: {integrity: sha1-IzTBjpx1n3vdVv3vfprj1YjmjtM=}
    engines: {node: '>=4'}
    dev: true

  /tsconfig-paths/3.9.0:
    resolution: {integrity: sha512-dRcuzokWhajtZWkQsDVKbWyY+jgcLC5sqJhg2PSgf4ZkH2aHPvaOY8YWGhmjb68b5qqTfasSsDO9k7RUiEmZAw==}
    dependencies:
      '@types/json5': 0.0.29
      json5: 1.0.1
      minimist: 1.2.5
      strip-bom: 3.0.0
    dev: true

  /typescript/4.3.2:
    resolution: {integrity: sha512-zZ4hShnmnoVnAHpVHWpTcxdv7dWP60S2FsydQLV8V5PbS3FifjWFFRiHSWpDJahly88PRyV5teTSLoq4eG7mKw==}
    engines: {node: '>=4.2.0'}
    hasBin: true
    dev: true

  /webdav-server/2.6.2:
    resolution: {integrity: sha512-0iHdrOzlKGFD96bTvPF8IIEfxw9Q7jB5LqWqhjyBYsofD6T6mOYqWtAvR88VY9Mq0xeg8bCRHC2Vifc9iuTYuw==}
    engines: {node: '>= 4'}
    dependencies:
      mime-types: 2.1.31
      xml-js-builder: 1.0.3
    dev: false

  /xml-js-builder/1.0.3:
    resolution: {integrity: sha512-BoLgG/glT45M0jK5PGh9h+iGrQxa8jJk9ofR63GroRifl2tbGB3/yYiVY3wQWHrZgWWfl9+7fhEB/VoD9mWnSg==}
    engines: {node: '>= 4'}
    dependencies:
      xml-js: 1.6.11
    dev: false

  /xml-js/1.6.11:
    resolution: {integrity: sha512-7rVi2KMfwfWFl+GpPg6m80IVMWXLRjO+PxTq7V2CDhoGak0wzYzFgUY2m4XJ47OGdXd8eLE8EmwfAmdjw7lC1g==}
    hasBin: true
    dependencies:
      sax: 1.2.4
    dev: false

  /yallist/4.0.0:
    resolution: {integrity: sha512-3wdGidZyq5PB084XLES5TpOSRA3wjXAlIWMhum2kRcv/41Sn2emQ0dycQW4uZXLejwKvg6EsvbdlVL+FYEct7A==}
    dev: true
