lockfileVersion: 5.3

specifiers:
  '@koa/cors': ^3.1.0
  '@masx200/koa-range': ^1.0.4
  '@masx200/koa-stream-etag': ^5.0.3
  '@masx200/serve-cli': ^1.1.6
  '@types/etag': ^1.8.0
  '@types/fresh': ^0.5.0
  '@types/http-auth': ^4.1.0
  '@types/koa': ^2.13.3
  '@types/koa-compress': ^4.0.1
  '@types/koa-conditional-get': ^2.0.0
  '@types/koa-etag': ^3.0.0
  '@types/koa-logger': ^3.1.1
  '@types/koa-range': ^0.3.2
  '@types/koa-static': ^4.0.1
  '@types/koa__cors': ^3.0.2
  '@types/minimist': ^1.2.1
  '@types/node': ^15.12.2
  etag: ^1.8.1
  fresh: ^0.5.2
  hosted-git-info: 4.0.2
  http-auth: ^4.1.5
  koa: ^2.13.1
  koa-compress: ^5.0.1
  koa-conditional-get: ^3.0.0
  koa-etag: ^4.0.0
  koa-logger: ^3.2.1
  koa-static: ^5.0.0
  koa2-serve-index: ^2.0.1
  minimist: ^1.2.5
  prettier: ^2.3.1
  reflect-metadata: ^0.1.13
  tsconfig-paths: ^3.9.0
  typescript: ^4.3.2
  webdav-server: ^2.6.2

dependencies:
  '@koa/cors': 3.1.0
  '@masx200/koa-range': 1.0.4
  '@masx200/koa-stream-etag': 5.0.3
  '@masx200/serve-cli': 1.1.6
  etag: 1.8.1
  fresh: 0.5.2
  http-auth: 4.1.5
  koa: 2.13.1
  koa-compress: 5.0.1
  koa-conditional-get: 3.0.0
  koa-etag: 4.0.0
  koa-logger: 3.2.1
  koa-static: 5.0.0
  koa2-serve-index: 2.0.1
  minimist: 1.2.5
  webdav-server: 2.6.2

devDependencies:
  '@types/etag': 1.8.0
  '@types/fresh': 0.5.0
  '@types/http-auth': 4.1.0
  '@types/koa': 2.13.3
  '@types/koa-compress': 4.0.1
  '@types/koa-conditional-get': 2.0.0
  '@types/koa-etag': 3.0.0
  '@types/koa-logger': 3.1.1
  '@types/koa-range': 0.3.2
  '@types/koa-static': 4.0.1
  '@types/koa__cors': 3.0.2
  '@types/minimist': 1.2.1
  '@types/node': 15.12.2
  hosted-git-info: 4.0.2
  prettier: 2.3.1
  reflect-metadata: 0.1.13
  tsconfig-paths: 3.9.0
  typescript: 4.3.2

packages:

  /@koa/cors/3.1.0:
    resolution: {integrity: sha512-7ulRC1da/rBa6kj6P4g2aJfnET3z8Uf3SWu60cjbtxTA5g8lxRdX/Bd2P92EagGwwAhANeNw8T8if99rJliR6Q==}
    engines: {node: '>= 8.0.0'}
    dependencies:
      vary: 1.1.2
    dev: false

  /@masx200/koa-range/1.0.4:
    resolution: {integrity: sha512-LEqsEpTaJbTB7YylfWYxLofga6Xqk0H8We70a/QT8SHxKOiIDiLwKGiVrp7PHWnn+8QoOqAC7/S5ttXB4X8tiA==}
    engines: {node: '>=7'}
    dependencies:
      stream-slice: 0.1.2
    dev: false

  /@masx200/koa-stream-etag/5.0.3:
    resolution: {integrity: sha512-p4UNfRiPU/0r4wIU/4+nDKwZsrXJyWVkw8zXiPKyh3/BpjDPdSNC+PX+9s1ZfWnOdZICoRuhn7KCUnxywlilIg==}
    dependencies:
      etag: 1.8.1
    dev: false

  /@masx200/serve-cli/1.1.6:
    resolution: {integrity: sha512-XjSryBk3aut1i3pXcZ8yGDE6hCFcY5jE5XMk1t9Ir+6hQhQmeJsTD24veE8WStkBX1RpozvXNYmSVy10kNi69w==}
    hasBin: true
    dependencies:
      '@koa/cors': 3.1.0
      '@masx200/koa-range': 1.0.4
      '@masx200/koa-stream-etag': 5.0.3
      koa: 2.13.1
      koa-compress: 5.0.1
      koa-conditional-get: 3.0.0
      koa-etag: 4.0.0
      koa-logger: 3.2.1
      koa-static: 5.0.0
      koa2-serve-index: 2.0.1
      minimist: 1.2.5
    transitivePeerDependencies:
      - supports-color
    dev: false

  /@types/accepts/1.3.5:
    resolution: {integrity: sha512-jOdnI/3qTpHABjM5cx1Hc0sKsPoYCp+DP/GJRGtDlPd7fiV9oXGGIcjW/ZOxLIvjGz8MA+uMZI9metHlgqbgwQ==}
    dependencies:
      '@types/node': 15.12.2
    dev: true

  /@types/body-parser/1.19.0:
    resolution: {integrity: sha512-W98JrE0j2K78swW4ukqMleo8R7h/pFETjM2DQ90MF6XK2i4LO4W3gQ71Lt4w3bfm2EvVSyWHplECvB5sK22yFQ==}
    dependencies:
      '@types/connect': 3.4.34
      '@types/node': 15.12.2
    dev: true

  /@types/connect/3.4.34:
    resolution: {integrity: sha512-ePPA/JuI+X0vb+gSWlPKOY0NdNAie/rPUqX2GUPpbZwiKTkSPhjXWuee47E4MtE54QVzGCQMQkAL6JhV2E1+cQ==}
    dependencies:
      '@types/node': 15.12.2
    dev: true

  /@types/content-disposition/0.5.3:
    resolution: {integrity: sha512-P1bffQfhD3O4LW0ioENXUhZ9OIa0Zn+P7M+pWgkCKaT53wVLSq0mrKksCID/FGHpFhRSxRGhgrQmfhRuzwtKdg==}
    dev: true

  /@types/cookies/0.7.6:
    resolution: {integrity: sha512-FK4U5Qyn7/Sc5ih233OuHO0qAkOpEcD/eG6584yEiLKizTFRny86qHLe/rej3HFQrkBuUjF4whFliAdODbVN/w==}
    dependencies:
      '@types/connect': 3.4.34
      '@types/express': 4.17.12
      '@types/keygrip': 1.0.2
      '@types/node': 15.12.2
    dev: true

  /@types/etag/1.8.0:
    resolution: {integrity: sha512-EdSN0x+Y0/lBv7YAb8IU4Jgm6DWM+Bqtz7o5qozl96fzaqdqbdfHS5qjdpFeIv7xQ8jSLyjMMNShgYtMajEHyQ==}
    dependencies:
      '@types/node': 15.12.2
    dev: true

  /@types/express-serve-static-core/4.17.21:
    resolution: {integrity: sha512-gwCiEZqW6f7EoR8TTEfalyEhb1zA5jQJnRngr97+3pzMaO1RKoI1w2bw07TK72renMUVWcWS5mLI6rk1NqN0nA==}
    dependencies:
      '@types/node': 15.12.2
      '@types/qs': 6.9.6
      '@types/range-parser': 1.2.3
    dev: true

  /@types/express/4.17.12:
    resolution: {integrity: sha512-pTYas6FrP15B1Oa0bkN5tQMNqOcVXa9j4FTFtO8DWI9kppKib+6NJtfTOOLcwxuuYvcX2+dVG6et1SxW/Kc17Q==}
    dependencies:
      '@types/body-parser': 1.19.0
      '@types/express-serve-static-core': 4.17.21
      '@types/qs': 6.9.6
      '@types/serve-static': 1.13.9
    dev: true

  /@types/fresh/0.5.0:
    resolution: {integrity: sha512-eGPzuyc6wZM3sSHJdF7NM2jW6B/xsB014Rqg/iDa6xY02mlfy1w/TE2sYhR8vbHxkzJOXiGo6NuIk3xk35vsgQ==}
    dev: true

  /@types/http-assert/1.5.1:
    resolution: {integrity: sha512-PGAK759pxyfXE78NbKxyfRcWYA/KwW17X290cNev/qAsn9eQIxkH4shoNBafH37wewhDG/0p1cHPbK6+SzZjWQ==}
    dev: true

  /@types/http-auth/4.1.0:
    resolution: {integrity: sha512-z9g4wh4RD5BabDAun3nWglJirtoNBn4L0K8ayFNww9agMUivg3NKx50mY19u7D/mF6NvovWxvM3NtsqEqSgGTA==}
    dependencies:
      '@types/node': 15.12.2
    dev: true

  /@types/http-errors/1.8.0:
    resolution: {integrity: sha512-2aoSC4UUbHDj2uCsCxcG/vRMXey/m17bC7UwitVm5hn22nI8O8Y9iDpA76Orc+DWkQ4zZrOKEshCqR/jSuXAHA==}
    dev: true

  /@types/json5/0.0.29:
    resolution: {integrity: sha1-7ihweulOEdK4J7y+UnC86n8+ce4=}
    dev: true

  /@types/keygrip/1.0.2:
    resolution: {integrity: sha512-GJhpTepz2udxGexqos8wgaBx4I/zWIDPh/KOGEwAqtuGDkOUJu5eFvwmdBX4AmB8Odsr+9pHCQqiAqDL/yKMKw==}
    dev: true

  /@types/koa-compose/3.2.5:
    resolution: {integrity: sha512-B8nG/OoE1ORZqCkBVsup/AKcvjdgoHnfi4pZMn5UwAPCbhk/96xyv284eBYW8JlQbQ7zDmnpFr68I/40mFoIBQ==}
    dependencies:
      '@types/koa': 2.13.3
    dev: true

  /@types/koa-compress/4.0.1:
    resolution: {integrity: sha512-gIWOZ/Rl6sSV84x5ujVm5nOCgLjY8hMeTwf3j1he5JVVhfOWgE+pK7dxSOQUGG9Pbmdiqz9YDwVFbHBgVfN/Pw==}
    dependencies:
      '@types/koa': 2.13.3
      '@types/node': 15.12.2
    dev: true

  /@types/koa-conditional-get/2.0.0:
    resolution: {integrity: sha512-kzEIakwXkkgiJhQPR/IudINqX+xB2gVS+lJWDSEUP3cMYflcX470OOWrUEqOXlc2cCAOyznMo7fFmwfnvd9wyw==}
    dependencies:
      '@types/koa': 2.13.3
    dev: true

  /@types/koa-etag/3.0.0:
    resolution: {integrity: sha512-gXQUtKGEnCy0sZLG+uE3wL4mvY1CBPcb6ECjpAoD8RGYy/8ACY1B084k8LTFPIdVcmy7GD6Y4n3up3jnupofcQ==}
    dependencies:
      '@types/etag': 1.8.0
      '@types/koa': 2.13.3
    dev: true

  /@types/koa-logger/3.1.1:
    resolution: {integrity: sha512-wp2HaskkPugfwgXgNnc+idnReuJZSTTYQbkcxXjsMhp1kTc342PxDzTL9FXDgBfEvgt9NX1CCGjkwPKX2dlEKQ==}
    dependencies:
      '@types/koa': 2.13.3
    dev: true

  /@types/koa-range/0.3.2:
    resolution: {integrity: sha512-xKZPH9nb1Znv0rNTubjcI1J/1ZJpqsi2xOLuS1jPE5984ZPE2hlx1okOpXoENgd00HFbxpVmDDguPLYrGuvOcQ==}
    dependencies:
      '@types/koa': 2.13.3
    dev: true

  /@types/koa-send/4.1.2:
    resolution: {integrity: sha512-rfqKIv9bFds39Jxvsp8o3YJLnEQVPVriYA14AuO2OY65IHh/4UX4U/iMs5L0wATpcRmm1bbe0BNk23TRwx3VQQ==}
    dependencies:
      '@types/koa': 2.13.3
    dev: true

  /@types/koa-static/4.0.1:
    resolution: {integrity: sha512-SSpct5fEcAeRkBHa3RiwCIRfDHcD1cZRhwRF///ZfvRt8KhoqRrhK6wpDlYPk/vWHVFE9hPGqh68bhzsHkir4w==}
    dependencies:
      '@types/koa': 2.13.3
      '@types/koa-send': 4.1.2
    dev: true

  /@types/koa/2.13.3:
    resolution: {integrity: sha512-TaujBV+Dhe/FvmSMZJtCFBms+bqQacgUebk/M2C2tq8iGmHE/DDf4DcW2Hc7NqusVZmy5xzrWOjtdPKNP+fTfw==}
    dependencies:
      '@types/accepts': 1.3.5
      '@types/content-disposition': 0.5.3
      '@types/cookies': 0.7.6
      '@types/http-assert': 1.5.1
      '@types/http-errors': 1.8.0
      '@types/keygrip': 1.0.2
      '@types/koa-compose': 3.2.5
      '@types/node': 15.12.2
    dev: true

  /@types/koa__cors/3.0.2:
    resolution: {integrity: sha512-gBetQR0DJ9JTG1YQoW33BADHCrDPJGiJUKUUcEPJwW1A2unzpIMhorEpXB6eMaaXTaqHLemcGnq3RmH9XaryRQ==}
    dependencies:
      '@types/koa': 2.13.3
    dev: true

  /@types/mime/1.3.2:
    resolution: {integrity: sha512-YATxVxgRqNH6nHEIsvg6k2Boc1JHI9ZbH5iWFFv/MTkchz3b1ieGDa5T0a9RznNdI0KhVbdbWSN+KWWrQZRxTw==}
    dev: true

  /@types/minimist/1.2.1:
    resolution: {integrity: sha512-fZQQafSREFyuZcdWFAExYjBiCL7AUCdgsk80iO0q4yihYYdcIiH28CcuPTGFgLOCC8RlW49GSQxdHwZP+I7CNg==}
    dev: true

  /@types/node/15.12.2:
    resolution: {integrity: sha512-zjQ69G564OCIWIOHSXyQEEDpdpGl+G348RAKY0XXy9Z5kU9Vzv1GMNnkar/ZJ8dzXB3COzD9Mo9NtRZ4xfgUww==}
    dev: true

  /@types/qs/6.9.6:
    resolution: {integrity: sha512-0/HnwIfW4ki2D8L8c9GVcG5I72s9jP5GSLVF0VIXDW00kmIpA6O33G7a8n59Tmh7Nz0WUC3rSb7PTY/sdW2JzA==}
    dev: true

  /@types/range-parser/1.2.3:
    resolution: {integrity: sha512-ewFXqrQHlFsgc09MK5jP5iR7vumV/BYayNC6PgJO2LPe8vrnNFyjQjSppfEngITi0qvfKtzFvgKymGheFM9UOA==}
    dev: true

  /@types/serve-static/1.13.9:
    resolution: {integrity: sha512-ZFqF6qa48XsPdjXV5Gsz0Zqmux2PerNd3a/ktL45mHpa19cuMi/cL8tcxdAx497yRh+QtYPuofjT9oWw9P7nkA==}
    dependencies:
      '@types/mime': 1.3.2
      '@types/node': 15.12.2
    dev: true

  /accepts/1.3.7:
    resolution: {integrity: sha512-Il80Qs2WjYlJIBNzNkK6KYqlVMTbZLXgHx2oT0pU/fjRHyEp+PEfEPY0R3WCwAGVOtauxh1hOxNgIf5bv7dQpA==}
    engines: {node: '>= 0.6'}
    dependencies:
      mime-types: 2.1.31
      negotiator: 0.6.2
    dev: false

  /ansi-styles/3.2.1:
    resolution: {integrity: sha512-VT0ZI6kZRdTh8YyJw3SMbYm/u+NqfsAxEpWO0Pf9sq8/e94WxxOpPKx9FR1FlyCtOVDNOQ+8ntlqFxiRc+r5qA==}
    engines: {node: '>=4'}
    dependencies:
      color-convert: 1.9.3
    dev: false

  /any-promise/1.3.0:
    resolution: {integrity: sha1-q8av7tzqUugJzcA3au0845Y10X8=}
    dev: false

  /apache-crypt/1.2.4:
    resolution: {integrity: sha512-Icze5ny5W5uv3xgMgl8U+iGmRCC0iIDrb2PVPuRBtL3Zy1Y5TMewXP1Vtc4r5X9eNNBEk7KYPu0Qby9m/PmcHg==}
    engines: {node: '>=8'}
    dependencies:
      unix-crypt-td-js: 1.1.4
    dev: false

  /apache-md5/1.1.5:
    resolution: {integrity: sha512-sbLEIMQrkV7RkIruqTPXxeCMkAAycv4yzTkBzRgOR1BrR5UB7qZtupqxkersTJSf0HZ3sbaNRrNV80TnnM7cUw==}
    engines: {node: '>=8'}
    dev: false

  /bcryptjs/2.4.3:
    resolution: {integrity: sha1-mrVie5PmBiH/fNrF2pczAn3x0Ms=}
    dev: false

  /bluebird/3.7.2:
    resolution: {integrity: sha512-XpNj6GDQzdfW+r2Wnn7xiSAd7TM3jzkxGXBGTtWKuSXv1xUV+azxAm8jdWZN06QTQk+2N2XB9jRDkvbmQmcRtg==}
    dev: false

  /bytes/3.1.0:
    resolution: {integrity: sha512-zauLjrfCG+xvoyaqLoV8bLVXXNGC4JqlxFCutSDWA6fJrTo2ZuvLYTqZ7aHBLZSMOopbzwv8f+wZcVzfVTI2Dg==}
    engines: {node: '>= 0.8'}
    dev: false

  /cache-content-type/1.0.1:
    resolution: {integrity: sha512-IKufZ1o4Ut42YUrZSo8+qnMTrFuKkvyoLXUywKz9GJ5BrhOFGhLdkx9sG4KAnVvbY6kEcSFjLQul+DVmBm2bgA==}
    engines: {node: '>= 6.0.0'}
    dependencies:
      mime-types: 2.1.31
      ylru: 1.2.1
    dev: false

  /chalk/2.4.2:
    resolution: {integrity: sha512-Mti+f9lpJNcwF4tWV8/OrTTtF1gZi+f8FqlyAdouralcFWFQWF2+NgCHShjkCb+IFBLq9buZwE1xckQU4peSuQ==}
    engines: {node: '>=4'}
    dependencies:
      ansi-styles: 3.2.1
      escape-string-regexp: 1.0.5
      supports-color: 5.5.0
    dev: false

  /co/4.6.0:
    resolution: {integrity: sha1-bqa989hTrlTMuOR7+gvz+QMfsYQ=}
    engines: {iojs: '>= 1.0.0', node: '>= 0.12.0'}
    dev: false

  /color-convert/1.9.3:
    resolution: {integrity: sha512-QfAUtd+vFdAtFQcC8CCyYt1fYWxSqAiK2cSD6zDB8N3cpsEBAvRxp9zOGg6G/SHHJYAT88/az/IuDGALsNVbGg==}
    dependencies:
      color-name: 1.1.3
    dev: false

  /color-name/1.1.3:
    resolution: {integrity: sha1-p9BVi9icQveV3UIyj3QIMcpTvCU=}
    dev: false

  /compressible/2.0.18:
    resolution: {integrity: sha512-AF3r7P5dWxL8MxyITRMlORQNaOA2IkAFaTr4k7BUumjPtRpGDTZpl0Pb1XCO6JeDCBdp126Cgs9sMxqSjgYyRg==}
    engines: {node: '>= 0.6'}
    dependencies:
      mime-db: 1.48.0
    dev: false

  /content-disposition/0.5.3:
    resolution: {integrity: sha512-ExO0774ikEObIAEV9kDo50o+79VCUdEB6n6lzKgGwupcVeRlhrj3qGAfwq8G6uBJjkqLrhT0qEYFcWng8z1z0g==}
    engines: {node: '>= 0.6'}
    dependencies:
      safe-buffer: 5.1.2
    dev: false

  /content-type/1.0.4:
    resolution: {integrity: sha512-hIP3EEPs8tB9AT1L+NUqtwOAps4mk2Zob89MWXMHjHWg9milF/j4osnnQLXBCBFBk/tvIG/tUc9mOUJiPBhPXA==}
    engines: {node: '>= 0.6'}
    dev: false

  /cookies/0.8.0:
    resolution: {integrity: sha512-8aPsApQfebXnuI+537McwYsDtjVxGm8gTIzQI3FDW6t5t/DAhERxtnbEPN/8RX+uZthoz4eCOgloXaE5cYyNow==}
    engines: {node: '>= 0.8'}
    dependencies:
      depd: 2.0.0
      keygrip: 1.1.0
    dev: false

  /debug/2.2.0:
    resolution: {integrity: sha1-+HBX6ZWxofauaklgZkE3vFbwOdo=}
    dependencies:
      ms: 0.7.1
    dev: false

  /debug/3.1.0:
    resolution: {integrity: sha512-OX8XqP7/1a9cqkxYw2yXss15f26NKWBpDXQd0/uK/KPqdQhxbPa994hnzjcE2VqQpDslf55723cKPUOGSmMY3g==}
    dependencies:
      ms: 2.0.0
    dev: false

  /debug/3.2.7:
    resolution: {integrity: sha512-CFjzYYAi4ThfiQvizrFQevTTXHtnCqWfe7x1AhgEscTz6ZbLbfoLRLPugTQyBth6f8ZERVUSyWHFD/7Wu4t1XQ==}
    dependencies:
      ms: 2.1.3
    dev: false

  /debug/4.3.1:
    resolution: {integrity: sha512-doEwdvm4PCeK4K3RQN2ZC2BYUBaxwLARCqZmMjtF8a51J2Rb0xpVloFRnCODwqjpwnAoao4pelN8l3RJdv3gRQ==}
    engines: {node: '>=6.0'}
    peerDependencies:
      supports-color: '*'
    peerDependenciesMeta:
      supports-color:
        optional: true
    dependencies:
      ms: 2.1.2
    dev: false

  /deep-equal/1.0.1:
    resolution: {integrity: sha1-9dJgKStmDghO/0zbyfCK0yR0SLU=}
    dev: false

  /delegates/1.0.0:
    resolution: {integrity: sha1-hMbhWbgZBP3KWaDvRM2HDTElD5o=}
    dev: false

  /depd/1.1.2:
    resolution: {integrity: sha1-m81S4UwJd2PnSbJ0xDRu0uVgtak=}
    engines: {node: '>= 0.6'}
    dev: false

  /depd/2.0.0:
    resolution: {integrity: sha512-g7nH6P6dyDioJogAAGprGpCtVImJhpPk/roCzdb3fIh61/s/nPsfR6onyMwkCAR/OlC3yBC0lESvUoQEAssIrw==}
    engines: {node: '>= 0.8'}
    dev: false

  /destroy/1.0.4:
    resolution: {integrity: sha1-l4hXRCxEdJ5CBmE+N5RiBYJqvYA=}
    dev: false

  /ee-first/1.1.1:
    resolution: {integrity: sha1-WQxhFWsK4vTwJVcyoViyZrxWsh0=}
    dev: false

  /encodeurl/1.0.2:
    resolution: {integrity: sha1-rT/0yG7C0CkyL1oCw6mmBslbP1k=}
    engines: {node: '>= 0.8'}
    dev: false

  /escape-html/1.0.3:
    resolution: {integrity: sha1-Aljq5NPQwJdN4cFpGI7wBR0dGYg=}
    dev: false

  /escape-string-regexp/1.0.5:
    resolution: {integrity: sha1-G2HAViGQqN/2rjuyzwIAyhMLhtQ=}
    engines: {node: '>=0.8.0'}
    dev: false

  /etag/1.8.1:
    resolution: {integrity: sha1-Qa4u62XvpiJorr/qg6x9eSmbCIc=}
    engines: {node: '>= 0.6'}
    dev: false

  /fresh/0.5.2:
    resolution: {integrity: sha1-PYyt2Q2XZWn6g1qx+OSyOhBWBac=}
    engines: {node: '>= 0.6'}
    dev: false

  /has-flag/3.0.0:
    resolution: {integrity: sha1-tdRU3CGZriJWmfNGfloH87lVuv0=}
    engines: {node: '>=4'}
    dev: false

  /hosted-git-info/4.0.2:
    resolution: {integrity: sha512-c9OGXbZ3guC/xOlCg1Ci/VgWlwsqDv1yMQL1CWqXDL0hDjXuNcq0zuR4xqPSuasI3kqFDhqSyTjREz5gzq0fXg==}
    engines: {node: '>=10'}
    dependencies:
      lru-cache: 6.0.0
    dev: true

  /http-assert/1.4.1:
    resolution: {integrity: sha512-rdw7q6GTlibqVVbXr0CKelfV5iY8G2HqEUkhSk297BMbSpSL8crXC+9rjKoMcZZEsksX30le6f/4ul4E28gegw==}
    engines: {node: '>= 0.8'}
    dependencies:
      deep-equal: 1.0.1
      http-errors: 1.7.3
    dev: false

  /http-auth/4.1.5:
    resolution: {integrity: sha512-FVzE7P4d9iIrkMPs0Nb8once1qjo1ki/C/pKLW9+ehdQQdbdHYGc+LpVzss5tRcKPkNrvnPmKZ8bygeYX9fdew==}
    engines: {node: '>=8'}
    dependencies:
      apache-crypt: 1.2.4
      apache-md5: 1.1.5
      bcryptjs: 2.4.3
      uuid: 3.4.0
    dev: false

  /http-errors/1.5.1:
    resolution: {integrity: sha1-eIwNLB3iyBuebowBhDtrl+uSB1A=}
    engines: {node: '>= 0.6'}
    dependencies:
      inherits: 2.0.3
      setprototypeof: 1.0.2
      statuses: 1.5.0
    dev: false

  /http-errors/1.6.3:
    resolution: {integrity: sha1-i1VoC7S+KDoLW/TqLjhYC+HZMg0=}
    engines: {node: '>= 0.6'}
    dependencies:
      depd: 1.1.2
      inherits: 2.0.3
      setprototypeof: 1.1.0
      statuses: 1.5.0
    dev: false

  /http-errors/1.7.3:
    resolution: {integrity: sha512-ZTTX0MWrsQ2ZAhA1cejAwDLycFsd7I7nVtnkT3Ol0aqodaKW+0CTZDQ1uBv5whptCnc8e8HeRRJxRs0kmm/Qfw==}
    engines: {node: '>= 0.6'}
    dependencies:
      depd: 1.1.2
      inherits: 2.0.4
      setprototypeof: 1.1.1
      statuses: 1.5.0
      toidentifier: 1.0.0
    dev: false

  /http-errors/1.8.0:
    resolution: {integrity: sha512-4I8r0C5JDhT5VkvI47QktDW75rNlGVsUf/8hzjCC/wkWI/jdTRmBb9aI7erSG82r1bjKY3F6k28WnsVxB1C73A==}
    engines: {node: '>= 0.6'}
    dependencies:
      depd: 1.1.2
      inherits: 2.0.4
      setprototypeof: 1.2.0
      statuses: 1.5.0
      toidentifier: 1.0.0
    dev: false

  /humanize-number/0.0.2:
    resolution: {integrity: sha1-EcCvakcWQ2M1iFiASPF5lUFInBg=}
    dev: false

  /inherits/2.0.3:
    resolution: {integrity: sha1-Yzwsg+PaQqUC9SRmAiSA9CCCYd4=}
    dev: false

  /inherits/2.0.4:
    resolution: {integrity: sha512-k/vGaX4/Yla3WzyMCvTQOXYeIHvqOKtnqBduzTHpzpQZzAskKMhZ2K+EnBiSM9zGSoIFeMpXKxa4dYeZIQqewQ==}
    dev: false

  /is-generator-function/1.0.9:
    resolution: {integrity: sha512-ZJ34p1uvIfptHCN7sFTjGibB9/oBg17sHqzDLfuwhvmN/qLVvIQXRQ8licZQ35WJ8KuEQt/etnnzQFI9C9Ue/A==}
    engines: {node: '>= 0.4'}
    dev: false

  /json5/1.0.1:
    resolution: {integrity: sha512-aKS4WQjPenRxiQsC93MNfjx+nbF4PAdYzmd/1JIj8HYzqfbu86beTuNgXDzPknWk0n0uARlyewZo4s++ES36Ow==}
    hasBin: true
    dependencies:
      minimist: 1.2.5
    dev: true

  /keygrip/1.1.0:
    resolution: {integrity: sha512-iYSchDJ+liQ8iwbSI2QqsQOvqv58eJCEanyJPJi+Khyu8smkcKSFUCbPwzFcL7YVtZ6eONjqRX/38caJ7QjRAQ==}
    engines: {node: '>= 0.6'}
    dependencies:
      tsscmp: 1.0.6
    dev: false

  /koa-compose/3.2.1:
    resolution: {integrity: sha1-qFzLQLfZhtjlo0Wzoazo6rz1Tec=}
    dependencies:
      any-promise: 1.3.0
    dev: false

  /koa-compose/4.1.0:
    resolution: {integrity: sha512-8ODW8TrDuMYvXRwra/Kh7/rJo9BtOfPc6qO8eAfC80CnCvSjSl0bkRM24X6/XBBEyj0v1nRUQ1LyOy3dbqOWXw==}
    dev: false

  /koa-compress/5.0.1:
    resolution: {integrity: sha512-uTo7Hcyyt6e9o2X3htRS/SNEKy9vDOUc/r1qs/F0YI2Frv9IEbkjz/9dC6IdJWBQAG34lRuU7jBXeq3DRur9Ng==}
    engines: {node: '>= 8.0.0'}
    dependencies:
      bytes: 3.1.0
      compressible: 2.0.18
      http-errors: 1.8.0
      koa-is-json: 1.0.0
      statuses: 2.0.1
    dev: false

  /koa-conditional-get/3.0.0:
    resolution: {integrity: sha512-VKyPS7SuNH26TjTV2IRz+oh0HV/jc2lYAo51PTQTkj0XFn8ebNZW9riczmrW7ZVBFSnls1Z88DPUYKnvVymruA==}
    dev: false

  /koa-convert/1.2.0:
    resolution: {integrity: sha1-2kCHXfSd4FOQmNFwC1CCDOvNIdA=}
    engines: {node: '>= 4'}
    dependencies:
      co: 4.6.0
      koa-compose: 3.2.1
    dev: false

  /koa-etag/4.0.0:
    resolution: {integrity: sha512-1cSdezCkBWlyuB9l6c/IFoe1ANCDdPBxkDkRiaIup40xpUub6U/wwRXoKBZw/O5BifX9OlqAjYnDyzM6+l+TAg==}
    dependencies:
      etag: 1.8.1
    dev: false

  /koa-is-json/1.0.0:
    resolution: {integrity: sha1-JzwH7c3Ljfaiwat9We52SRRR7BQ=}
    dev: false

  /koa-logger/3.2.1:
    resolution: {integrity: sha512-MjlznhLLKy9+kG8nAXKJLM0/ClsQp/Or2vI3a5rbSQmgl8IJBQO0KI5FA70BvW+hqjtxjp49SpH2E7okS6NmHg==}
    engines: {node: '>= 7.6.0'}
    dependencies:
      bytes: 3.1.0
      chalk: 2.4.2
      humanize-number: 0.0.2
      passthrough-counter: 1.0.0
    dev: false

  /koa-send/5.0.1:
    resolution: {integrity: sha512-tmcyQ/wXXuxpDxyNXv5yNNkdAMdFRqwtegBXUaowiQzUKqJehttS0x2j0eOZDQAyloAth5w6wwBImnFzkUz3pQ==}
    engines: {node: '>= 8'}
    dependencies:
      debug: 4.3.1
      http-errors: 1.8.0
      resolve-path: 1.4.0
    transitivePeerDependencies:
      - supports-color
    dev: false

  /koa-static/5.0.0:
    resolution: {integrity: sha512-UqyYyH5YEXaJrf9S8E23GoJFQZXkBVJ9zYYMPGz919MSX1KuvAcycIuS0ci150HCoPf4XQVhQ84Qf8xRPWxFaQ==}
    engines: {node: '>= 7.6.0'}
    dependencies:
      debug: 3.2.7
      koa-send: 5.0.1
    transitivePeerDependencies:
      - supports-color
    dev: false

  /koa/2.13.1:
    resolution: {integrity: sha512-Lb2Dloc72auj5vK4X4qqL7B5jyDPQaZucc9sR/71byg7ryoD1NCaCm63CShk9ID9quQvDEi1bGR/iGjCG7As3w==}
    engines: {node: ^4.8.4 || ^6.10.1 || ^7.10.1 || >= 8.1.4}
    dependencies:
      accepts: 1.3.7
      cache-content-type: 1.0.1
      content-disposition: 0.5.3
      content-type: 1.0.4
      cookies: 0.8.0
      debug: 3.1.0
      delegates: 1.0.0
      depd: 2.0.0
      destroy: 1.0.4
      encodeurl: 1.0.2
      escape-html: 1.0.3
      fresh: 0.5.2
      http-assert: 1.4.1
      http-errors: 1.8.0
      is-generator-function: 1.0.9
      koa-compose: 4.1.0
      koa-convert: 1.2.0
      on-finished: 2.3.0
      only: 0.0.2
      parseurl: 1.3.3
      statuses: 1.5.0
      type-is: 1.6.18
      vary: 1.1.2
    dev: false

  /koa2-serve-index/2.0.1:
    resolution: {integrity: sha1-mNsqOlL+SDXqNHcdgIM3HR7JcJA=}
    engines: {node: '>= 4.0.0'}
    dependencies:
      accepts: 1.3.7
      bluebird: 3.7.2
      co: 4.6.0
      debug: 2.2.0
      escape-html: 1.0.3
      http-errors: 1.5.1
      mime-types: 2.1.31
      mz: 2.7.0
      parseurl: 1.3.3
    dev: false

  /lru-cache/6.0.0:
    resolution: {integrity: sha512-Jo6dJ04CmSjuznwJSS3pUeWmd/H0ffTlkXXgwZi+eq1UCmqQwCh+eLsYOYCwY991i2Fah4h1BEMCx4qThGbsiA==}
    engines: {node: '>=10'}
    dependencies:
      yallist: 4.0.0
    dev: true

  /media-typer/0.3.0:
    resolution: {integrity: sha1-hxDXrwqmJvj/+hzgAWhUUmMlV0g=}
    engines: {node: '>= 0.6'}
    dev: false

  /mime-db/1.48.0:
    resolution: {integrity: sha512-FM3QwxV+TnZYQ2aRqhlKBMHxk10lTbMt3bBkMAp54ddrNeVSfcQYOOKuGuy3Ddrm38I04If834fOUSq1yzslJQ==}
    engines: {node: '>= 0.6'}
    dev: false

  /mime-types/2.1.31:
    resolution: {integrity: sha512-XGZnNzm3QvgKxa8dpzyhFTHmpP3l5YNusmne07VUOXxou9CqUqYa/HBy124RqtVh/O2pECas/MOcsDgpilPOPg==}
    engines: {node: '>= 0.6'}
    dependencies:
      mime-db: 1.48.0
    dev: false

  /minimist/1.2.5:
    resolution: {integrity: sha512-FM9nNUYrRBAELZQT3xeZQ7fmMOBg6nWNmJKTcgsJeaLstP/UODVpGsr5OhXhhXg6f+qtJ8uiZ+PUxkDWcgIXLw==}

  /ms/0.7.1:
    resolution: {integrity: sha1-nNE8A62/8ltl7/3nzoZO6VIBcJg=}
    dev: false

  /ms/2.0.0:
    resolution: {integrity: sha1-VgiurfwAvmwpAd9fmGF4jeDVl8g=}
    dev: false

  /ms/2.1.2:
    resolution: {integrity: sha512-sGkPx+VjMtmA6MX27oA4FBFELFCZZ4S4XqeGOXCv68tT+jb3vk/RyaKWP0PTKyWtmLSM0b+adUTEvbs1PEaH2w==}
    dev: false

  /ms/2.1.3:
    resolution: {integrity: sha512-6FlzubTLZG3J2a/NVCAleEhjzq5oxgHyaCU9yYXvcLsvoVaHJq/s5xXI6/XXP6tz7R9xAOtHnSO/tXtF3WRTlA==}
    dev: false

  /mz/2.7.0:
    resolution: {integrity: sha512-z81GNO7nnYMEhrGh9LeymoE4+Yr0Wn5McHIZMK5cfQCl+NDX08sCZgUc9/6MHni9IWuFLm1Z3HTCXu2z9fN62Q==}
    dependencies:
      any-promise: 1.3.0
      object-assign: 4.1.1
      thenify-all: 1.6.0
    dev: false

  /negotiator/0.6.2:
    resolution: {integrity: sha512-hZXc7K2e+PgeI1eDBe/10Ard4ekbfrrqG8Ep+8Jmf4JID2bNg7NvCPOZN+kfF574pFQI7mum2AUqDidoKqcTOw==}
    engines: {node: '>= 0.6'}
    dev: false

  /object-assign/4.1.1:
    resolution: {integrity: sha1-IQmtx5ZYh8/AXLvUQsrIv7s2CGM=}
    engines: {node: '>=0.10.0'}
    dev: false

  /on-finished/2.3.0:
    resolution: {integrity: sha1-IPEzZIGwg811M3mSoWlxqi2QaUc=}
    engines: {node: '>= 0.8'}
    dependencies:
      ee-first: 1.1.1
    dev: false

  /only/0.0.2:
    resolution: {integrity: sha1-Kv3oTQPlC5qO3EROMGEKcCle37Q=}
    dev: false

  /parseurl/1.3.3:
    resolution: {integrity: sha512-CiyeOxFT/JZyN5m0z9PfXw4SCBJ6Sygz1Dpl0wqjlhDEGGBP1GnsUVEL0p63hoG1fcj3fHynXi9NYO4nWOL+qQ==}
    engines: {node: '>= 0.8'}
    dev: false

  /passthrough-counter/1.0.0:
    resolution: {integrity: sha1-GWfZ5m2lcrXAI8eH2xEqOHqxZvo=}
    dev: false

  /path-is-absolute/1.0.1:
    resolution: {integrity: sha1-F0uSaHNVNP+8es5r9TpanhtcX18=}
    engines: {node: '>=0.10.0'}
    dev: false

  /prettier/2.3.1:
    resolution: {integrity: sha512-p+vNbgpLjif/+D+DwAZAbndtRrR0md0MwfmOVN9N+2RgyACMT+7tfaRnT+WDPkqnuVwleyuBIG2XBxKDme3hPA==}
    engines: {node: '>=10.13.0'}
    hasBin: true
    dev: true

  /reflect-metadata/0.1.13:
    resolution: {integrity: sha512-Ts1Y/anZELhSsjMcU605fU9RE4Oi3p5ORujwbIKXfWa+0Zxs510Qrmrce5/Jowq3cHSZSJqBjypxmHarc+vEWg==}
    dev: true

  /resolve-path/1.4.0:
    resolution: {integrity: sha1-xL2p9e+y/OZSR4c6s2u02DT+Fvc=}
    engines: {node: '>= 0.8'}
    dependencies:
      http-errors: 1.6.3
      path-is-absolute: 1.0.1
    dev: false

  /safe-buffer/5.1.2:
    resolution: {integrity: sha512-Gd2UZBJDkXlY7GbJxfsE8/nvKkUEU1G38c1siN6QP6a9PT9MmHB8GnpscSmMJSoF8LOIrt8ud/wPtojys4G6+g==}
    dev: false

  /sax/1.2.4:
    resolution: {integrity: sha512-NqVDv9TpANUjFm0N8uM5GxL36UgKi9/atZw+x7YFnQ8ckwFGKrl4xX4yWtrey3UJm5nP1kUbnYgLopqWNSRhWw==}
    dev: false

  /setprototypeof/1.0.2:
    resolution: {integrity: sha1-gaVSFB7BBLiOic44MQOtXGZWTQg=}
    dev: false

  /setprototypeof/1.1.0:
    resolution: {integrity: sha512-BvE/TwpZX4FXExxOxZyRGQQv651MSwmWKZGqvmPcRIjDqWub67kTKuIMx43cZZrS/cBBzwBcNDWoFxt2XEFIpQ==}
    dev: false

  /setprototypeof/1.1.1:
    resolution: {integrity: sha512-JvdAWfbXeIGaZ9cILp38HntZSFSo3mWg6xGcJJsd+d4aRMOqauag1C63dJfDw7OaMYwEbHMOxEZ1lqVRYP2OAw==}
    dev: false

  /setprototypeof/1.2.0:
    resolution: {integrity: sha512-E5LDX7Wrp85Kil5bhZv46j8jOeboKq5JMmYM3gVGdGH8xFpPWXUMsNrlODCrkoxMEeNi/XZIwuRvY4XNwYMJpw==}
    dev: false

  /statuses/1.5.0:
    resolution: {integrity: sha1-Fhx9rBd2Wf2YEfQ3cfqZOBR4Yow=}
    engines: {node: '>= 0.6'}
    dev: false

  /statuses/2.0.1:
    resolution: {integrity: sha512-RwNA9Z/7PrK06rYLIzFMlaF+l73iwpzsqRIFgbMLbTcLD6cOao82TaWefPXQvB2fOC4AjuYSEndS7N/mTCbkdQ==}
    engines: {node: '>= 0.8'}
    dev: false

  /stream-slice/0.1.2:
    resolution: {integrity: sha1-LcT04bk2+xPz6zmi3vGTJ5jQeks=}
    dev: false

  /strip-bom/3.0.0:
    resolution: {integrity: sha1-IzTBjpx1n3vdVv3vfprj1YjmjtM=}
    engines: {node: '>=4'}
    dev: true

  /supports-color/5.5.0:
    resolution: {integrity: sha512-QjVjwdXIt408MIiAqCX4oUKsgU2EqAGzs2Ppkm4aQYbjm+ZEWEcW4SfFNTr4uMNZma0ey4f5lgLrkB0aX0QMow==}
    engines: {node: '>=4'}
    dependencies:
      has-flag: 3.0.0
    dev: false

  /thenify-all/1.6.0:
    resolution: {integrity: sha1-GhkY1ALY/D+Y+/I02wvMjMEOlyY=}
    engines: {node: '>=0.8'}
    dependencies:
      thenify: 3.3.1
    dev: false

  /thenify/3.3.1:
    resolution: {integrity: sha512-RVZSIV5IG10Hk3enotrhvz0T9em6cyHBLkH/YAZuKqd8hRkKhSfCGIcP2KUY0EPxndzANBmNllzWPwak+bheSw==}
    dependencies:
      any-promise: 1.3.0
    dev: false

  /toidentifier/1.0.0:
    resolution: {integrity: sha512-yaOH/Pk/VEhBWWTlhI+qXxDFXlejDGcQipMlyxda9nthulaxLZUNcUqFxokp0vcYnvteJln5FNQDRrxj3YcbVw==}
    engines: {node: '>=0.6'}
    dev: false

  /tsconfig-paths/3.9.0:
    resolution: {integrity: sha512-dRcuzokWhajtZWkQsDVKbWyY+jgcLC5sqJhg2PSgf4ZkH2aHPvaOY8YWGhmjb68b5qqTfasSsDO9k7RUiEmZAw==}
    dependencies:
      '@types/json5': 0.0.29
      json5: 1.0.1
      minimist: 1.2.5
      strip-bom: 3.0.0
    dev: true

  /tsscmp/1.0.6:
    resolution: {integrity: sha512-LxhtAkPDTkVCMQjt2h6eBVY28KCjikZqZfMcC15YBeNjkgUpdCfBu5HoiOTDu86v6smE8yOjyEktJ8hlbANHQA==}
    engines: {node: '>=0.6.x'}
    dev: false

  /type-is/1.6.18:
    resolution: {integrity: sha512-TkRKr9sUTxEH8MdfuCSP7VizJyzRNMjj2J2do2Jr3Kym598JVdEksuzPQCnlFPW4ky9Q+iA+ma9BGm06XQBy8g==}
    engines: {node: '>= 0.6'}
    dependencies:
      media-typer: 0.3.0
      mime-types: 2.1.31
    dev: false

  /typescript/4.3.2:
    resolution: {integrity: sha512-zZ4hShnmnoVnAHpVHWpTcxdv7dWP60S2FsydQLV8V5PbS3FifjWFFRiHSWpDJahly88PRyV5teTSLoq4eG7mKw==}
    engines: {node: '>=4.2.0'}
    hasBin: true
    dev: true

  /unix-crypt-td-js/1.1.4:
    resolution: {integrity: sha512-8rMeVYWSIyccIJscb9NdCfZKSRBKYTeVnwmiRYT2ulE3qd1RaDQ0xQDP+rI3ccIWbhu/zuo5cgN8z73belNZgw==}
    dev: false

  /uuid/3.4.0:
    resolution: {integrity: sha512-HjSDRw6gZE5JMggctHBcjVak08+KEVhSIiDzFnT9S9aegmp85S/bReBVTb4QTFaRNptJ9kuYaNhnbNEOkbKb/A==}
    deprecated: Please upgrade  to version 7 or higher.  Older versions may use Math.random() in certain circumstances, which is known to be problematic.  See https://v8.dev/blog/math-random for details.
    hasBin: true
    dev: false

  /vary/1.1.2:
    resolution: {integrity: sha1-IpnwLG3tMNSllhsLn3RSShj2NPw=}
    engines: {node: '>= 0.8'}
    dev: false

  /webdav-server/2.6.2:
    resolution: {integrity: sha512-0iHdrOzlKGFD96bTvPF8IIEfxw9Q7jB5LqWqhjyBYsofD6T6mOYqWtAvR88VY9Mq0xeg8bCRHC2Vifc9iuTYuw==}
    engines: {node: '>= 4'}
    dependencies:
      mime-types: 2.1.31
      xml-js-builder: 1.0.3
    dev: false

  /xml-js-builder/1.0.3:
    resolution: {integrity: sha512-BoLgG/glT45M0jK5PGh9h+iGrQxa8jJk9ofR63GroRifl2tbGB3/yYiVY3wQWHrZgWWfl9+7fhEB/VoD9mWnSg==}
    engines: {node: '>= 4'}
    dependencies:
      xml-js: 1.6.11
    dev: false

  /xml-js/1.6.11:
    resolution: {integrity: sha512-7rVi2KMfwfWFl+GpPg6m80IVMWXLRjO+PxTq7V2CDhoGak0wzYzFgUY2m4XJ47OGdXd8eLE8EmwfAmdjw7lC1g==}
    hasBin: true
    dependencies:
      sax: 1.2.4
    dev: false

  /yallist/4.0.0:
    resolution: {integrity: sha512-3wdGidZyq5PB084XLES5TpOSRA3wjXAlIWMhum2kRcv/41Sn2emQ0dycQW4uZXLejwKvg6EsvbdlVL+FYEct7A==}
    dev: true

  /ylru/1.2.1:
    resolution: {integrity: sha512-faQrqNMzcPCHGVC2aaOINk13K+aaBDUPjGWl0teOXywElLjyVAB6Oe2jj62jHYtwsU49jXhScYbvPENK+6zAvQ==}
    engines: {node: '>= 4.0.0'}
    dev: false
